
Microsoft Visual Studio Solution File, Format Version 11.00
# Visual Studio 2010
Project("{FAE04EC0-301F-11D3-BF4B-00C04F79EFBC}") = "Assembly-CSharp", "Assembly-CSharp.csproj", "{12A4A462-38C4-8F3B-2451-05AEB2DBDCD3}"
EndProject
Project("{FAE04EC0-301F-11D3-BF4B-00C04F79EFBC}") = "Assembly-CSharp-Editor-firstpass", "Assembly-CSharp-Editor-firstpass.csproj", "{8ED267DA-66F4-BBA7-1938-533126E297A6}"
EndProject
Global
	GlobalSection(SolutionConfigurationPlatforms) = preSolution
		Debug|Any CPU = Debug|Any CPU
		Release|Any CPU = Release|Any CPU
	EndGlobalSection
	GlobalSection(ProjectConfigurationPlatforms) = postSolution
		{12A4A462-38C4-8F3B-2451-05AEB2DBDCD3}.Debug|Any CPU.ActiveCfg = Debug|Any CPU
		{12A4A462-38C4-8F3B-2451-05AEB2DBDCD3}.Debug|Any CPU.Build.0 = Debug|Any CPU
		{12A4A462-38C4-8F3B-2451-05AEB2DBDCD3}.Release|Any CPU.ActiveCfg = Release|Any CPU
		{12A4A462-38C4-8F3B-2451-05AEB2DBDCD3}.Release|Any CPU.Build.0 = Release|Any CPU
		{8ED267DA-66F4-BBA7-1938-533126E297A6}.Debug|Any CPU.ActiveCfg = Debug|Any CPU
		{8ED267DA-66F4-BBA7-1938-533126E297A6}.Debug|Any CPU.Build.0 = Debug|Any CPU
		{8ED267DA-66F4-BBA7-1938-533126E297A6}.Release|Any CPU.ActiveCfg = Release|Any CPU
		{8ED267DA-66F4-BBA7-1938-533126E297A6}.Release|Any CPU.Build.0 = Release|Any CPU
	EndGlobalSection
	GlobalSection(SolutionProperties) = preSolution
		HideSolutionNode = FALSE
	EndGlobalSection
	GlobalSection(MonoDevelopProperties) = preSolution
		StartupItem = Assembly-CSharp.csproj
	EndGlobalSection
EndGlobal
