Microsoft Visual Studio Solution File, Format Version 11.00
# Visual Studio 2008

Project("{BB68E271-8A08-F55E-851E-D8C21A426551}") = "Assembly-CSharp", "Assembly-CSharp.csproj", "{8F6807E0-67BD-23A3-6CED-EAC480308FB6}"
EndProject
Project("{BB68E271-8A08-F55E-851E-D8C21A426551}") = "Assembly-CSharp-Editor-firstpass", "Assembly-CSharp-Editor-firstpass.csproj", "{037B43FB-3A7A-000E-3BEB-9E22FA463958}"
EndProject
Global
	GlobalSection(SolutionConfigurationPlatforms) = preSolution
		Debug|Any CPU = Debug|Any CPU
		Release|Any CPU = Release|Any CPU
	EndGlobalSection
	GlobalSection(ProjectConfigurationPlatforms) = postSolution
		{8F6807E0-67BD-23A3-6CED-EAC480308FB6}.Debug|Any CPU.ActiveCfg = Debug|Any CPU
		{8F6807E0-67BD-23A3-6CED-EAC480308FB6}.Debug|Any CPU.Build.0 = Debug|Any CPU
		{8F6807E0-67BD-23A3-6CED-EAC480308FB6}.Release|Any CPU.ActiveCfg = Release|Any CPU
		{8F6807E0-67BD-23A3-6CED-EAC480308FB6}.Release|Any CPU.Build.0 = Release|Any CPU
		{037B43FB-3A7A-000E-3BEB-9E22FA463958}.Debug|Any CPU.ActiveCfg = Debug|Any CPU
		{037B43FB-3A7A-000E-3BEB-9E22FA463958}.Debug|Any CPU.Build.0 = Debug|Any CPU
		{037B43FB-3A7A-000E-3BEB-9E22FA463958}.Release|Any CPU.ActiveCfg = Release|Any CPU
		{037B43FB-3A7A-000E-3BEB-9E22FA463958}.Release|Any CPU.Build.0 = Release|Any CPU
	EndGlobalSection
	GlobalSection(SolutionProperties) = preSolution
		HideSolutionNode = FALSE
	EndGlobalSection
	GlobalSection(MonoDevelopProperties) = preSolution
		StartupItem = Assembly-CSharp.csproj
	EndGlobalSection
EndGlobal
