Microsoft Visual Studio Solution File, Format Version 12.00
# Visual Studio Version 17
VisualStudioVersion = 17.0.31903.59
MinimumVisualStudioVersion = 10.0.40219.1
Project("{FAE04EC0-301F-11D3-BF4B-00C04F79EFBC}") = "LifeLike.Game", "LifeLike.Game.csproj", "{FF4BD4FD-AA05-4E14-818B-15FFC8A60CF4}"
EndProject
Project("{FAE04EC0-301F-11D3-BF4B-00C04F79EFBC}") = "LifeLike.Core", "..\src\LifeLike.Core\LifeLike.Core.csproj", "{1B604DE9-F909-4302-8F4A-E43DE13B4C95}"
EndProject
Global
	GlobalSection(SolutionConfigurationPlatforms) = preSolution
		Debug|Any CPU = Debug|Any CPU
		ExportDebug|Any CPU = ExportDebug|Any CPU
		ExportRelease|Any CPU = ExportRelease|Any CPU
	EndGlobalSection
	GlobalSection(ProjectConfigurationPlatforms) = postSolution
		{FF4BD4FD-AA05-4E14-818B-15FFC8A60CF4}.Debug|Any CPU.ActiveCfg = Debug|Any CPU
		{FF4BD4FD-AA05-4E14-818B-15FFC8A60CF4}.Debug|Any CPU.Build.0 = Debug|Any CPU
		{FF4BD4FD-AA05-4E14-818B-15FFC8A60CF4}.ExportDebug|Any CPU.ActiveCfg = ExportDebug|Any CPU
		{FF4BD4FD-AA05-4E14-818B-15FFC8A60CF4}.ExportDebug|Any CPU.Build.0 = ExportDebug|Any CPU
		{FF4BD4FD-AA05-4E14-818B-15FFC8A60CF4}.ExportRelease|Any CPU.ActiveCfg = ExportRelease|Any CPU
		{FF4BD4FD-AA05-4E14-818B-15FFC8A60CF4}.ExportRelease|Any CPU.Build.0 = ExportRelease|Any CPU
		{1B604DE9-F909-4302-8F4A-E43DE13B4C95}.Debug|Any CPU.ActiveCfg = Debug|Any CPU
		{1B604DE9-F909-4302-8F4A-E43DE13B4C95}.Debug|Any CPU.Build.0 = Debug|Any CPU
		{1B604DE9-F909-4302-8F4A-E43DE13B4C95}.ExportDebug|Any CPU.ActiveCfg = Debug|Any CPU
		{1B604DE9-F909-4302-8F4A-E43DE13B4C95}.ExportDebug|Any CPU.Build.0 = Debug|Any CPU
		{1B604DE9-F909-4302-8F4A-E43DE13B4C95}.ExportRelease|Any CPU.ActiveCfg = Release|Any CPU
		{1B604DE9-F909-4302-8F4A-E43DE13B4C95}.ExportRelease|Any CPU.Build.0 = Release|Any CPU
	EndGlobalSection
	GlobalSection(SolutionProperties) = preSolution
		HideSolutionNode = FALSE
	EndGlobalSection
EndGlobal
