
Microsoft Visual Studio Solution File, Format Version 12.00
# Visual Studio Version 17
VisualStudioVersion = 17.0.31903.59
MinimumVisualStudioVersion = 10.0.40219.1
Project("{2150E333-8FDC-42A3-9474-1A3956D46DE8}") = "src", "src", "{A97B0A01-E945-42FB-9247-AE60A5907293}"
EndProject
Project("{FAE04EC0-301F-11D3-BF4B-00C04F79EFBC}") = "LifeLike.Core", "src\LifeLike.Core\LifeLike.Core.csproj", "{B83417BF-AB84-432C-842B-94247ED86B0D}"
EndProject
Project("{2150E333-8FDC-42A3-9474-1A3956D46DE8}") = "tests", "tests", "{8767E864-1321-4749-BBE0-20297299D79A}"
EndProject
Project("{FAE04EC0-301F-11D3-BF4B-00C04F79EFBC}") = "LifeLike.Core.Tests", "tests\LifeLike.Core.Tests\LifeLike.Core.Tests.csproj", "{B4673DC9-64FE-46BD-9558-178702FF6847}"
EndProject
Global
	GlobalSection(SolutionConfigurationPlatforms) = preSolution
		Debug|Any CPU = Debug|Any CPU
		Release|Any CPU = Release|Any CPU
	EndGlobalSection
	GlobalSection(SolutionProperties) = preSolution
		HideSolutionNode = FALSE
	EndGlobalSection
	GlobalSection(ProjectConfigurationPlatforms) = postSolution
		{B83417BF-AB84-432C-842B-94247ED86B0D}.Debug|Any CPU.ActiveCfg = Debug|Any CPU
		{B83417BF-AB84-432C-842B-94247ED86B0D}.Debug|Any CPU.Build.0 = Debug|Any CPU
		{B83417BF-AB84-432C-842B-94247ED86B0D}.Release|Any CPU.ActiveCfg = Release|Any CPU
		{B83417BF-AB84-432C-842B-94247ED86B0D}.Release|Any CPU.Build.0 = Release|Any CPU
		{B4673DC9-64FE-46BD-9558-178702FF6847}.Debug|Any CPU.ActiveCfg = Debug|Any CPU
		{B4673DC9-64FE-46BD-9558-178702FF6847}.Debug|Any CPU.Build.0 = Debug|Any CPU
		{B4673DC9-64FE-46BD-9558-178702FF6847}.Release|Any CPU.ActiveCfg = Release|Any CPU
		{B4673DC9-64FE-46BD-9558-178702FF6847}.Release|Any CPU.Build.0 = Release|Any CPU
	EndGlobalSection
	GlobalSection(NestedProjects) = preSolution
		{B83417BF-AB84-432C-842B-94247ED86B0D} = {A97B0A01-E945-42FB-9247-AE60A5907293}
		{B4673DC9-64FE-46BD-9558-178702FF6847} = {8767E864-1321-4749-BBE0-20297299D79A}
	EndGlobalSection
EndGlobal
